
Microsoft Visual Studio Solution File, Format Version 12.00
# TcXaeShell Solution File, Format Version 11.00
VisualStudioVersion = 15.0.33403.129
MinimumVisualStudioVersion = 10.0.40219.1
Project("{B1E792BE-AA5F-4E3C-8C82-674BF9C0715B}") = "FunctionStruct", "FunctionStruct\FunctionStruct.tsproj", "{540A9D4E-FDF8-4E54-8F29-E6380359BC98}"
EndProject
Global
	GlobalSection(SolutionConfigurationPlatforms) = preSolution
		Debug|TwinCAT CE7 (ARMV7) = Debug|TwinCAT CE7 (ARMV7)
		Debug|TwinCAT OS (ARMT2) = Debug|TwinCAT OS (ARMT2)
		Debug|TwinCAT RT (x64) = Debug|TwinCAT RT (x64)
		Debug|TwinCAT RT (x86) = Debug|TwinCAT RT (x86)
		Release|TwinCAT CE7 (ARMV7) = Release|TwinCAT CE7 (ARMV7)
		Release|TwinCAT OS (ARMT2) = Release|TwinCAT OS (ARMT2)
		Release|TwinCAT RT (x64) = Release|TwinCAT RT (x64)
		Release|TwinCAT RT (x86) = Release|TwinCAT RT (x86)
	EndGlobalSection
	GlobalSection(ProjectConfigurationPlatforms) = postSolution
		{540A9D4E-FDF8-4E54-8F29-E6380359BC98}.Debug|TwinCAT CE7 (ARMV7).ActiveCfg = Debug|TwinCAT CE7 (ARMV7)
		{540A9D4E-FDF8-4E54-8F29-E6380359BC98}.Debug|TwinCAT CE7 (ARMV7).Build.0 = Debug|TwinCAT CE7 (ARMV7)
		{540A9D4E-FDF8-4E54-8F29-E6380359BC98}.Debug|TwinCAT OS (ARMT2).ActiveCfg = Debug|TwinCAT OS (ARMT2)
		{540A9D4E-FDF8-4E54-8F29-E6380359BC98}.Debug|TwinCAT OS (ARMT2).Build.0 = Debug|TwinCAT OS (ARMT2)
		{540A9D4E-FDF8-4E54-8F29-E6380359BC98}.Debug|TwinCAT RT (x64).ActiveCfg = Debug|TwinCAT RT (x64)
		{540A9D4E-FDF8-4E54-8F29-E6380359BC98}.Debug|TwinCAT RT (x64).Build.0 = Debug|TwinCAT RT (x64)
		{540A9D4E-FDF8-4E54-8F29-E6380359BC98}.Debug|TwinCAT RT (x86).ActiveCfg = Debug|TwinCAT RT (x86)
		{540A9D4E-FDF8-4E54-8F29-E6380359BC98}.Debug|TwinCAT RT (x86).Build.0 = Debug|TwinCAT RT (x86)
		{540A9D4E-FDF8-4E54-8F29-E6380359BC98}.Release|TwinCAT CE7 (ARMV7).ActiveCfg = Release|TwinCAT CE7 (ARMV7)
		{540A9D4E-FDF8-4E54-8F29-E6380359BC98}.Release|TwinCAT CE7 (ARMV7).Build.0 = Release|TwinCAT CE7 (ARMV7)
		{540A9D4E-FDF8-4E54-8F29-E6380359BC98}.Release|TwinCAT OS (ARMT2).ActiveCfg = Release|TwinCAT OS (ARMT2)
		{540A9D4E-FDF8-4E54-8F29-E6380359BC98}.Release|TwinCAT OS (ARMT2).Build.0 = Release|TwinCAT OS (ARMT2)
		{540A9D4E-FDF8-4E54-8F29-E6380359BC98}.Release|TwinCAT RT (x64).ActiveCfg = Release|TwinCAT RT (x64)
		{540A9D4E-FDF8-4E54-8F29-E6380359BC98}.Release|TwinCAT RT (x64).Build.0 = Release|TwinCAT RT (x64)
		{540A9D4E-FDF8-4E54-8F29-E6380359BC98}.Release|TwinCAT RT (x86).ActiveCfg = Release|TwinCAT RT (x86)
		{540A9D4E-FDF8-4E54-8F29-E6380359BC98}.Release|TwinCAT RT (x86).Build.0 = Release|TwinCAT RT (x86)
		{1AA6FBB3-5660-45B3-A2B8-571C07245D5F}.Debug|TwinCAT CE7 (ARMV7).ActiveCfg = Debug|TwinCAT CE7 (ARMV7)
		{1AA6FBB3-5660-45B3-A2B8-571C07245D5F}.Debug|TwinCAT CE7 (ARMV7).Build.0 = Debug|TwinCAT CE7 (ARMV7)
		{1AA6FBB3-5660-45B3-A2B8-571C07245D5F}.Debug|TwinCAT OS (ARMT2).ActiveCfg = Debug|TwinCAT OS (ARMT2)
		{1AA6FBB3-5660-45B3-A2B8-571C07245D5F}.Debug|TwinCAT OS (ARMT2).Build.0 = Debug|TwinCAT OS (ARMT2)
		{1AA6FBB3-5660-45B3-A2B8-571C07245D5F}.Debug|TwinCAT RT (x64).ActiveCfg = Debug|TwinCAT RT (x64)
		{1AA6FBB3-5660-45B3-A2B8-571C07245D5F}.Debug|TwinCAT RT (x64).Build.0 = Debug|TwinCAT RT (x64)
		{1AA6FBB3-5660-45B3-A2B8-571C07245D5F}.Debug|TwinCAT RT (x86).ActiveCfg = Debug|TwinCAT RT (x86)
		{1AA6FBB3-5660-45B3-A2B8-571C07245D5F}.Debug|TwinCAT RT (x86).Build.0 = Debug|TwinCAT RT (x86)
		{1AA6FBB3-5660-45B3-A2B8-571C07245D5F}.Release|TwinCAT CE7 (ARMV7).ActiveCfg = Release|TwinCAT CE7 (ARMV7)
		{1AA6FBB3-5660-45B3-A2B8-571C07245D5F}.Release|TwinCAT CE7 (ARMV7).Build.0 = Release|TwinCAT CE7 (ARMV7)
		{1AA6FBB3-5660-45B3-A2B8-571C07245D5F}.Release|TwinCAT OS (ARMT2).ActiveCfg = Release|TwinCAT OS (ARMT2)
		{1AA6FBB3-5660-45B3-A2B8-571C07245D5F}.Release|TwinCAT OS (ARMT2).Build.0 = Release|TwinCAT OS (ARMT2)
		{1AA6FBB3-5660-45B3-A2B8-571C07245D5F}.Release|TwinCAT RT (x64).ActiveCfg = Release|TwinCAT RT (x64)
		{1AA6FBB3-5660-45B3-A2B8-571C07245D5F}.Release|TwinCAT RT (x64).Build.0 = Release|TwinCAT RT (x64)
		{1AA6FBB3-5660-45B3-A2B8-571C07245D5F}.Release|TwinCAT RT (x86).ActiveCfg = Release|TwinCAT RT (x86)
		{1AA6FBB3-5660-45B3-A2B8-571C07245D5F}.Release|TwinCAT RT (x86).Build.0 = Release|TwinCAT RT (x86)
		{30BAD694-8DBB-44E3-A5DC-24F4AD602AD5}.Debug|TwinCAT CE7 (ARMV7).ActiveCfg = Debug|TwinCAT CE7 (ARMV7)
		{30BAD694-8DBB-44E3-A5DC-24F4AD602AD5}.Debug|TwinCAT CE7 (ARMV7).Build.0 = Debug|TwinCAT CE7 (ARMV7)
		{30BAD694-8DBB-44E3-A5DC-24F4AD602AD5}.Debug|TwinCAT OS (ARMT2).ActiveCfg = Debug|TwinCAT OS (ARMT2)
		{30BAD694-8DBB-44E3-A5DC-24F4AD602AD5}.Debug|TwinCAT OS (ARMT2).Build.0 = Debug|TwinCAT OS (ARMT2)
		{30BAD694-8DBB-44E3-A5DC-24F4AD602AD5}.Debug|TwinCAT RT (x64).ActiveCfg = Debug|TwinCAT RT (x64)
		{30BAD694-8DBB-44E3-A5DC-24F4AD602AD5}.Debug|TwinCAT RT (x64).Build.0 = Debug|TwinCAT RT (x64)
		{30BAD694-8DBB-44E3-A5DC-24F4AD602AD5}.Debug|TwinCAT RT (x86).ActiveCfg = Debug|TwinCAT RT (x86)
		{30BAD694-8DBB-44E3-A5DC-24F4AD602AD5}.Debug|TwinCAT RT (x86).Build.0 = Debug|TwinCAT RT (x86)
		{30BAD694-8DBB-44E3-A5DC-24F4AD602AD5}.Release|TwinCAT CE7 (ARMV7).ActiveCfg = Release|TwinCAT CE7 (ARMV7)
		{30BAD694-8DBB-44E3-A5DC-24F4AD602AD5}.Release|TwinCAT CE7 (ARMV7).Build.0 = Release|TwinCAT CE7 (ARMV7)
		{30BAD694-8DBB-44E3-A5DC-24F4AD602AD5}.Release|TwinCAT OS (ARMT2).ActiveCfg = Release|TwinCAT OS (ARMT2)
		{30BAD694-8DBB-44E3-A5DC-24F4AD602AD5}.Release|TwinCAT OS (ARMT2).Build.0 = Release|TwinCAT OS (ARMT2)
		{30BAD694-8DBB-44E3-A5DC-24F4AD602AD5}.Release|TwinCAT RT (x64).ActiveCfg = Release|TwinCAT RT (x64)
		{30BAD694-8DBB-44E3-A5DC-24F4AD602AD5}.Release|TwinCAT RT (x64).Build.0 = Release|TwinCAT RT (x64)
		{30BAD694-8DBB-44E3-A5DC-24F4AD602AD5}.Release|TwinCAT RT (x86).ActiveCfg = Release|TwinCAT RT (x86)
		{30BAD694-8DBB-44E3-A5DC-24F4AD602AD5}.Release|TwinCAT RT (x86).Build.0 = Release|TwinCAT RT (x86)
		{5B413766-43A1-4055-A82E-256B4D372FC7}.Debug|TwinCAT CE7 (ARMV7).ActiveCfg = Debug|TwinCAT CE7 (ARMV7)
		{5B413766-43A1-4055-A82E-256B4D372FC7}.Debug|TwinCAT CE7 (ARMV7).Build.0 = Debug|TwinCAT CE7 (ARMV7)
		{5B413766-43A1-4055-A82E-256B4D372FC7}.Debug|TwinCAT OS (ARMT2).ActiveCfg = Debug|TwinCAT OS (ARMT2)
		{5B413766-43A1-4055-A82E-256B4D372FC7}.Debug|TwinCAT OS (ARMT2).Build.0 = Debug|TwinCAT OS (ARMT2)
		{5B413766-43A1-4055-A82E-256B4D372FC7}.Debug|TwinCAT RT (x64).ActiveCfg = Debug|TwinCAT RT (x64)
		{5B413766-43A1-4055-A82E-256B4D372FC7}.Debug|TwinCAT RT (x64).Build.0 = Debug|TwinCAT RT (x64)
		{5B413766-43A1-4055-A82E-256B4D372FC7}.Debug|TwinCAT RT (x86).ActiveCfg = Debug|TwinCAT RT (x86)
		{5B413766-43A1-4055-A82E-256B4D372FC7}.Debug|TwinCAT RT (x86).Build.0 = Debug|TwinCAT RT (x86)
		{5B413766-43A1-4055-A82E-256B4D372FC7}.Release|TwinCAT CE7 (ARMV7).ActiveCfg = Release|TwinCAT CE7 (ARMV7)
		{5B413766-43A1-4055-A82E-256B4D372FC7}.Release|TwinCAT CE7 (ARMV7).Build.0 = Release|TwinCAT CE7 (ARMV7)
		{5B413766-43A1-4055-A82E-256B4D372FC7}.Release|TwinCAT OS (ARMT2).ActiveCfg = Release|TwinCAT OS (ARMT2)
		{5B413766-43A1-4055-A82E-256B4D372FC7}.Release|TwinCAT OS (ARMT2).Build.0 = Release|TwinCAT OS (ARMT2)
		{5B413766-43A1-4055-A82E-256B4D372FC7}.Release|TwinCAT RT (x64).ActiveCfg = Release|TwinCAT RT (x64)
		{5B413766-43A1-4055-A82E-256B4D372FC7}.Release|TwinCAT RT (x64).Build.0 = Release|TwinCAT RT (x64)
		{5B413766-43A1-4055-A82E-256B4D372FC7}.Release|TwinCAT RT (x86).ActiveCfg = Release|TwinCAT RT (x86)
		{5B413766-43A1-4055-A82E-256B4D372FC7}.Release|TwinCAT RT (x86).Build.0 = Release|TwinCAT RT (x86)
		{EE730535-1612-4D45-AEA3-56B484CC1A58}.Debug|TwinCAT CE7 (ARMV7).ActiveCfg = Debug|TwinCAT CE7 (ARMV7)
		{EE730535-1612-4D45-AEA3-56B484CC1A58}.Debug|TwinCAT CE7 (ARMV7).Build.0 = Debug|TwinCAT CE7 (ARMV7)
		{EE730535-1612-4D45-AEA3-56B484CC1A58}.Debug|TwinCAT OS (ARMT2).ActiveCfg = Debug|TwinCAT OS (ARMT2)
		{EE730535-1612-4D45-AEA3-56B484CC1A58}.Debug|TwinCAT OS (ARMT2).Build.0 = Debug|TwinCAT OS (ARMT2)
		{EE730535-1612-4D45-AEA3-56B484CC1A58}.Debug|TwinCAT RT (x64).ActiveCfg = Debug|TwinCAT RT (x64)
		{EE730535-1612-4D45-AEA3-56B484CC1A58}.Debug|TwinCAT RT (x64).Build.0 = Debug|TwinCAT RT (x64)
		{EE730535-1612-4D45-AEA3-56B484CC1A58}.Debug|TwinCAT RT (x86).ActiveCfg = Debug|TwinCAT RT (x86)
		{EE730535-1612-4D45-AEA3-56B484CC1A58}.Debug|TwinCAT RT (x86).Build.0 = Debug|TwinCAT RT (x86)
		{EE730535-1612-4D45-AEA3-56B484CC1A58}.Release|TwinCAT CE7 (ARMV7).ActiveCfg = Release|TwinCAT CE7 (ARMV7)
		{EE730535-1612-4D45-AEA3-56B484CC1A58}.Release|TwinCAT CE7 (ARMV7).Build.0 = Release|TwinCAT CE7 (ARMV7)
		{EE730535-1612-4D45-AEA3-56B484CC1A58}.Release|TwinCAT OS (ARMT2).ActiveCfg = Release|TwinCAT OS (ARMT2)
		{EE730535-1612-4D45-AEA3-56B484CC1A58}.Release|TwinCAT OS (ARMT2).Build.0 = Release|TwinCAT OS (ARMT2)
		{EE730535-1612-4D45-AEA3-56B484CC1A58}.Release|TwinCAT RT (x64).ActiveCfg = Release|TwinCAT RT (x64)
		{EE730535-1612-4D45-AEA3-56B484CC1A58}.Release|TwinCAT RT (x64).Build.0 = Release|TwinCAT RT (x64)
		{EE730535-1612-4D45-AEA3-56B484CC1A58}.Release|TwinCAT RT (x86).ActiveCfg = Release|TwinCAT RT (x86)
		{EE730535-1612-4D45-AEA3-56B484CC1A58}.Release|TwinCAT RT (x86).Build.0 = Release|TwinCAT RT (x86)
	EndGlobalSection
	GlobalSection(SolutionProperties) = preSolution
		HideSolutionNode = FALSE
	EndGlobalSection
	GlobalSection(ExtensibilityGlobals) = postSolution
		SolutionGuid = {812E82FF-14F4-46B4-A0BA-AE11D3E37F78}
	EndGlobalSection
EndGlobal
